// !$*UTF8*$!
{
	archiveVersion = 1;
	classes = {
	};
	objectVersion = 55;
	objects = {

/* Begin PBXBuildFile section */
		5B41278028352A710015E43B /* directory_InitialDiagram.pdf in Resources */ = {isa = PBXBuildFile; fileRef = 5B41277F28352A710015E43B /* directory_InitialDiagram.pdf */; };
		5B412782283530CA0015E43B /* MockNetworkService.swift in Sources */ = {isa = PBXBuildFile; fileRef = 5B412781283530CA0015E43B /* MockNetworkService.swift */; };
		5B412784283532290015E43B /* SquareEmployeeDirectoryTests.swift in Sources */ = {isa = PBXBuildFile; fileRef = 5B412783283532290015E43B /* SquareEmployeeDirectoryTests.swift */; };
		5B9BE3582834215A0043E36A /* EmployeeCellModel.swift in Sources */ = {isa = PBXBuildFile; fileRef = 5B9BE3572834215A0043E36A /* EmployeeCellModel.swift */; };
		5B9BE35B283422510043E36A /* EmployeeTableViewCell.swift in Sources */ = {isa = PBXBuildFile; fileRef = 5B9BE35A283422510043E36A /* EmployeeTableViewCell.swift */; };
		5B9BE35F283445FD0043E36A /* Kingfisher in Frameworks */ = {isa = PBXBuildFile; productRef = 5B9BE35E283445FD0043E36A /* Kingfisher */; };
		5B9BE361283457670043E36A /* ImageFetchError.swift in Sources */ = {isa = PBXBuildFile; fileRef = 5B9BE360283457670043E36A /* ImageFetchError.swift */; };
		5B9BE36328345BEA0043E36A /* EmployeesViewModelTests.swift in Sources */ = {isa = PBXBuildFile; fileRef = 5B9BE36228345BEA0043E36A /* EmployeesViewModelTests.swift */; };
		5B9BE36628345CE10043E36A /* MockEmployeesList.json in Resources */ = {isa = PBXBuildFile; fileRef = 5B9BE36528345CE10043E36A /* MockEmployeesList.json */; };
		5B9BE36928345D7D0043E36A /* Requests.swift in Sources */ = {isa = PBXBuildFile; fileRef = 5B9BE36828345D7D0043E36A /* Requests.swift */; };
		5B9BE36B28345DA50043E36A /* NetworkError.swift in Sources */ = {isa = PBXBuildFile; fileRef = 5B9BE36A28345DA50043E36A /* NetworkError.swift */; };
		5B9BE36D283462450043E36A /* README.md in Resources */ = {isa = PBXBuildFile; fileRef = 5B9BE36C283462450043E36A /* README.md */; };
		5BC5194D2832939100CCE6BD /* AppDelegate.swift in Sources */ = {isa = PBXBuildFile; fileRef = 5BC5194C2832939100CCE6BD /* AppDelegate.swift */; };
		5BC5194F2832939100CCE6BD /* SceneDelegate.swift in Sources */ = {isa = PBXBuildFile; fileRef = 5BC5194E2832939100CCE6BD /* SceneDelegate.swift */; };
		5BC519562832939300CCE6BD /* Assets.xcassets in Resources */ = {isa = PBXBuildFile; fileRef = 5BC519552832939300CCE6BD /* Assets.xcassets */; };
		5BC519592832939300CCE6BD /* LaunchScreen.storyboard in Resources */ = {isa = PBXBuildFile; fileRef = 5BC519572832939300CCE6BD /* LaunchScreen.storyboard */; };
		5BC5197D283293F500CCE6BD /* Employee.swift in Sources */ = {isa = PBXBuildFile; fileRef = 5BC5197C283293F500CCE6BD /* Employee.swift */; };
		5BC5197F2832954A00CCE6BD /* NetworkService.swift in Sources */ = {isa = PBXBuildFile; fileRef = 5BC5197E2832954A00CCE6BD /* NetworkService.swift */; };
		5BC5198128329B3000CCE6BD /* EmployeesViewModel.swift in Sources */ = {isa = PBXBuildFile; fileRef = 5BC5198028329B3000CCE6BD /* EmployeesViewModel.swift */; };
		5BC519832832C31B00CCE6BD /* EmployeesViewController.swift in Sources */ = {isa = PBXBuildFile; fileRef = 5BC519822832C31B00CCE6BD /* EmployeesViewController.swift */; };
		5BC519862832C52C00CCE6BD /* SnapKit in Frameworks */ = {isa = PBXBuildFile; productRef = 5BC519852832C52C00CCE6BD /* SnapKit */; };
/* End PBXBuildFile section */

/* Begin PBXContainerItemProxy section */
		5BC519602832939300CCE6BD /* PBXContainerItemProxy */ = {
			isa = PBXContainerItemProxy;
			containerPortal = 5BC519412832939100CCE6BD /* Project object */;
			proxyType = 1;
			remoteGlobalIDString = 5BC519482832939100CCE6BD;
			remoteInfo = SquareEmployeeDirectory;
		};
		5BC5196A2832939300CCE6BD /* PBXContainerItemProxy */ = {
			isa = PBXContainerItemProxy;
			containerPortal = 5BC519412832939100CCE6BD /* Project object */;
			proxyType = 1;
			remoteGlobalIDString = 5BC519482832939100CCE6BD;
			remoteInfo = SquareEmployeeDirectory;
		};
/* End PBXContainerItemProxy section */

/* Begin PBXFileReference section */
		5B41277F28352A710015E43B /* directory_InitialDiagram.pdf */ = {isa = PBXFileReference; lastKnownFileType = image.pdf; path = directory_InitialDiagram.pdf; sourceTree = "<group>"; };
		5B412781283530CA0015E43B /* MockNetworkService.swift */ = {isa = PBXFileReference; lastKnownFileType = sourcecode.swift; path = MockNetworkService.swift; sourceTree = "<group>"; };
		5B412783283532290015E43B /* SquareEmployeeDirectoryTests.swift */ = {isa = PBXFileReference; fileEncoding = 4; lastKnownFileType = sourcecode.swift; path = SquareEmployeeDirectoryTests.swift; sourceTree = "<group>"; };
		5B9BE3572834215A0043E36A /* EmployeeCellModel.swift */ = {isa = PBXFileReference; lastKnownFileType = sourcecode.swift; path = EmployeeCellModel.swift; sourceTree = "<group>"; };
		5B9BE35A283422510043E36A /* EmployeeTableViewCell.swift */ = {isa = PBXFileReference; lastKnownFileType = sourcecode.swift; path = EmployeeTableViewCell.swift; sourceTree = "<group>"; };
		5B9BE360283457670043E36A /* ImageFetchError.swift */ = {isa = PBXFileReference; lastKnownFileType = sourcecode.swift; path = ImageFetchError.swift; sourceTree = "<group>"; };
		5B9BE36228345BEA0043E36A /* EmployeesViewModelTests.swift */ = {isa = PBXFileReference; lastKnownFileType = sourcecode.swift; path = EmployeesViewModelTests.swift; sourceTree = "<group>"; };
		5B9BE36528345CE10043E36A /* MockEmployeesList.json */ = {isa = PBXFileReference; lastKnownFileType = text.json; path = MockEmployeesList.json; sourceTree = "<group>"; xcLanguageSpecificationIdentifier = xcode.lang.json; };
		5B9BE36828345D7D0043E36A /* Requests.swift */ = {isa = PBXFileReference; lastKnownFileType = sourcecode.swift; path = Requests.swift; sourceTree = "<group>"; };
		5B9BE36A28345DA50043E36A /* NetworkError.swift */ = {isa = PBXFileReference; lastKnownFileType = sourcecode.swift; path = NetworkError.swift; sourceTree = "<group>"; };
		5B9BE36C283462450043E36A /* README.md */ = {isa = PBXFileReference; lastKnownFileType = net.daringfireball.markdown; path = README.md; sourceTree = "<group>"; };
		5BC519492832939100CCE6BD /* SquareEmployeeDirectory.app */ = {isa = PBXFileReference; explicitFileType = wrapper.application; includeInIndex = 0; path = SquareEmployeeDirectory.app; sourceTree = BUILT_PRODUCTS_DIR; };
		5BC5194C2832939100CCE6BD /* AppDelegate.swift */ = {isa = PBXFileReference; lastKnownFileType = sourcecode.swift; path = AppDelegate.swift; sourceTree = "<group>"; };
		5BC5194E2832939100CCE6BD /* SceneDelegate.swift */ = {isa = PBXFileReference; lastKnownFileType = sourcecode.swift; path = SceneDelegate.swift; sourceTree = "<group>"; };
		5BC519552832939300CCE6BD /* Assets.xcassets */ = {isa = PBXFileReference; lastKnownFileType = folder.assetcatalog; path = Assets.xcassets; sourceTree = "<group>"; };
		5BC519582832939300CCE6BD /* Base */ = {isa = PBXFileReference; lastKnownFileType = file.storyboard; name = Base; path = Base.lproj/LaunchScreen.storyboard; sourceTree = "<group>"; };
		5BC5195A2832939300CCE6BD /* Info.plist */ = {isa = PBXFileReference; lastKnownFileType = text.plist.xml; path = Info.plist; sourceTree = "<group>"; };
		5BC5195F2832939300CCE6BD /* SquareEmployeeDirectoryTests.xctest */ = {isa = PBXFileReference; explicitFileType = wrapper.cfbundle; includeInIndex = 0; path = SquareEmployeeDirectoryTests.xctest; sourceTree = BUILT_PRODUCTS_DIR; };
		5BC519692832939300CCE6BD /* SquareEmployeeDirectoryUITests.xctest */ = {isa = PBXFileReference; explicitFileType = wrapper.cfbundle; includeInIndex = 0; path = SquareEmployeeDirectoryUITests.xctest; sourceTree = BUILT_PRODUCTS_DIR; };
		5BC5197C283293F500CCE6BD /* Employee.swift */ = {isa = PBXFileReference; lastKnownFileType = sourcecode.swift; path = Employee.swift; sourceTree = "<group>"; };
		5BC5197E2832954A00CCE6BD /* NetworkService.swift */ = {isa = PBXFileReference; lastKnownFileType = sourcecode.swift; path = NetworkService.swift; sourceTree = "<group>"; };
		5BC5198028329B3000CCE6BD /* EmployeesViewModel.swift */ = {isa = PBXFileReference; lastKnownFileType = sourcecode.swift; path = EmployeesViewModel.swift; sourceTree = "<group>"; };
		5BC519822832C31B00CCE6BD /* EmployeesViewController.swift */ = {isa = PBXFileReference; lastKnownFileType = sourcecode.swift; path = EmployeesViewController.swift; sourceTree = "<group>"; };
/* End PBXFileReference section */

/* Begin PBXFrameworksBuildPhase section */
		5BC519462832939100CCE6BD /* Frameworks */ = {
			isa = PBXFrameworksBuildPhase;
			buildActionMask = 2147483647;
			files = (
				5B9BE35F283445FD0043E36A /* Kingfisher in Frameworks */,
				5BC519862832C52C00CCE6BD /* SnapKit in Frameworks */,
			);
			runOnlyForDeploymentPostprocessing = 0;
		};
		5BC5195C2832939300CCE6BD /* Frameworks */ = {
			isa = PBXFrameworksBuildPhase;
			buildActionMask = 2147483647;
			files = (
			);
			runOnlyForDeploymentPostprocessing = 0;
		};
		5BC519662832939300CCE6BD /* Frameworks */ = {
			isa = PBXFrameworksBuildPhase;
			buildActionMask = 2147483647;
			files = (
			);
			runOnlyForDeploymentPostprocessing = 0;
		};
/* End PBXFrameworksBuildPhase section */

/* Begin PBXGroup section */
		5B9BE355283420540043E36A /* Models */ = {
			isa = PBXGroup;
			children = (
				5BC5197C283293F500CCE6BD /* Employee.swift */,
				5B9BE3572834215A0043E36A /* EmployeeCellModel.swift */,
				5B9BE360283457670043E36A /* ImageFetchError.swift */,
				5B9BE36A28345DA50043E36A /* NetworkError.swift */,
			);
			path = Models;
			sourceTree = "<group>";
		};
		5B9BE3562834206F0043E36A /* ViewModels */ = {
			isa = PBXGroup;
			children = (
				5BC5198028329B3000CCE6BD /* EmployeesViewModel.swift */,
			);
			path = ViewModels;
			sourceTree = "<group>";
		};
		5B9BE3592834220C0043E36A /* Views */ = {
			isa = PBXGroup;
			children = (
				5BC519822832C31B00CCE6BD /* EmployeesViewController.swift */,
				5B9BE35A283422510043E36A /* EmployeeTableViewCell.swift */,
			);
			path = Views;
			sourceTree = "<group>";
		};
		5B9BE35C283422950043E36A /* Services */ = {
			isa = PBXGroup;
			children = (
				5B9BE36728345D700043E36A /* Requests */,
				5BC5197E2832954A00CCE6BD /* NetworkService.swift */,
			);
			path = Services;
			sourceTree = "<group>";
		};
		5B9BE36428345CCA0043E36A /* Mocks */ = {
			isa = PBXGroup;
			children = (
				5B9BE36528345CE10043E36A /* MockEmployeesList.json */,
				5B412781283530CA0015E43B /* MockNetworkService.swift */,
			);
			path = Mocks;
			sourceTree = "<group>";
		};
		5B9BE36728345D700043E36A /* Requests */ = {
			isa = PBXGroup;
			children = (
				5B9BE36828345D7D0043E36A /* Requests.swift */,
			);
			path = Requests;
			sourceTree = "<group>";
		};
		5BC519402832939100CCE6BD = {
			isa = PBXGroup;
			children = (
				5B41277F28352A710015E43B /* directory_InitialDiagram.pdf */,
				5B9BE36C283462450043E36A /* README.md */,
				5BC5194B2832939100CCE6BD /* SquareEmployeeDirectory */,
				5BC519622832939300CCE6BD /* SquareEmployeeDirectoryTests */,
				5BC5194A2832939100CCE6BD /* Products */,
			);
			sourceTree = "<group>";
		};
		5BC5194A2832939100CCE6BD /* Products */ = {
			isa = PBXGroup;
			children = (
				5BC519492832939100CCE6BD /* SquareEmployeeDirectory.app */,
				5BC5195F2832939300CCE6BD /* SquareEmployeeDirectoryTests.xctest */,
				5BC519692832939300CCE6BD /* SquareEmployeeDirectoryUITests.xctest */,
			);
			name = Products;
			sourceTree = "<group>";
		};
		5BC5194B2832939100CCE6BD /* SquareEmployeeDirectory */ = {
			isa = PBXGroup;
			children = (
				5B9BE35C283422950043E36A /* Services */,
				5B9BE3592834220C0043E36A /* Views */,
				5B9BE3562834206F0043E36A /* ViewModels */,
				5B9BE355283420540043E36A /* Models */,
				5BC5194C2832939100CCE6BD /* AppDelegate.swift */,
				5BC5194E2832939100CCE6BD /* SceneDelegate.swift */,
				5BC519552832939300CCE6BD /* Assets.xcassets */,
				5BC519572832939300CCE6BD /* LaunchScreen.storyboard */,
				5BC5195A2832939300CCE6BD /* Info.plist */,
			);
			path = SquareEmployeeDirectory;
			sourceTree = "<group>";
		};
		5BC519622832939300CCE6BD /* SquareEmployeeDirectoryTests */ = {
			isa = PBXGroup;
			children = (
				5B9BE36428345CCA0043E36A /* Mocks */,
				5B9BE36228345BEA0043E36A /* EmployeesViewModelTests.swift */,
				5B412783283532290015E43B /* SquareEmployeeDirectoryTests.swift */,
			);
			path = SquareEmployeeDirectoryTests;
			sourceTree = "<group>";
		};
/* End PBXGroup section */

/* Begin PBXNativeTarget section */
		5BC519482832939100CCE6BD /* SquareEmployeeDirectory */ = {
			isa = PBXNativeTarget;
			buildConfigurationList = 5BC519732832939300CCE6BD /* Build configuration list for PBXNativeTarget "SquareEmployeeDirectory" */;
			buildPhases = (
				5BC519452832939100CCE6BD /* Sources */,
				5BC519462832939100CCE6BD /* Frameworks */,
				5BC519472832939100CCE6BD /* Resources */,
			);
			buildRules = (
			);
			dependencies = (
			);
			name = SquareEmployeeDirectory;
			packageProductDependencies = (
				5BC519852832C52C00CCE6BD /* SnapKit */,
				5B9BE35E283445FD0043E36A /* Kingfisher */,
			);
			productName = SquareEmployeeDirectory;
			productReference = 5BC519492832939100CCE6BD /* SquareEmployeeDirectory.app */;
			productType = "com.apple.product-type.application";
		};
		5BC5195E2832939300CCE6BD /* SquareEmployeeDirectoryTests */ = {
			isa = PBXNativeTarget;
			buildConfigurationList = 5BC519762832939300CCE6BD /* Build configuration list for PBXNativeTarget "SquareEmployeeDirectoryTests" */;
			buildPhases = (
				5BC5195B2832939300CCE6BD /* Sources */,
				5BC5195C2832939300CCE6BD /* Frameworks */,
				5BC5195D2832939300CCE6BD /* Resources */,
			);
			buildRules = (
			);
			dependencies = (
				5BC519612832939300CCE6BD /* PBXTargetDependency */,
			);
			name = SquareEmployeeDirectoryTests;
			productName = SquareEmployeeDirectoryTests;
			productReference = 5BC5195F2832939300CCE6BD /* SquareEmployeeDirectoryTests.xctest */;
			productType = "com.apple.product-type.bundle.unit-test";
		};
		5BC519682832939300CCE6BD /* SquareEmployeeDirectoryUITests */ = {
			isa = PBXNativeTarget;
			buildConfigurationList = 5BC519792832939300CCE6BD /* Build configuration list for PBXNativeTarget "SquareEmployeeDirectoryUITests" */;
			buildPhases = (
				5BC519652832939300CCE6BD /* Sources */,
				5BC519662832939300CCE6BD /* Frameworks */,
				5BC519672832939300CCE6BD /* Resources */,
			);
			buildRules = (
			);
			dependencies = (
				5BC5196B2832939300CCE6BD /* PBXTargetDependency */,
			);
			name = SquareEmployeeDirectoryUITests;
			productName = SquareEmployeeDirectoryUITests;
			productReference = 5BC519692832939300CCE6BD /* SquareEmployeeDirectoryUITests.xctest */;
			productType = "com.apple.product-type.bundle.ui-testing";
		};
/* End PBXNativeTarget section */

/* Begin PBXProject section */
		5BC519412832939100CCE6BD /* Project object */ = {
			isa = PBXProject;
			attributes = {
				BuildIndependentTargetsInParallel = 1;
				LastSwiftUpdateCheck = 1320;
				LastUpgradeCheck = 1320;
				TargetAttributes = {
					5BC519482832939100CCE6BD = {
						CreatedOnToolsVersion = 13.2.1;
					};
					5BC5195E2832939300CCE6BD = {
						CreatedOnToolsVersion = 13.2.1;
						TestTargetID = 5BC519482832939100CCE6BD;
					};
					5BC519682832939300CCE6BD = {
						CreatedOnToolsVersion = 13.2.1;
						TestTargetID = 5BC519482832939100CCE6BD;
					};
				};
			};
			buildConfigurationList = 5BC519442832939100CCE6BD /* Build configuration list for PBXProject "SquareEmployeeDirectory" */;
			compatibilityVersion = "Xcode 13.0";
			developmentRegion = en;
			hasScannedForEncodings = 0;
			knownRegions = (
				en,
				Base,
			);
			mainGroup = 5BC519402832939100CCE6BD;
			packageReferences = (
				5BC519842832C52C00CCE6BD /* XCRemoteSwiftPackageReference "SnapKit" */,
				5B9BE35D283445FD0043E36A /* XCRemoteSwiftPackageReference "Kingfisher" */,
			);
			productRefGroup = 5BC5194A2832939100CCE6BD /* Products */;
			projectDirPath = "";
			projectRoot = "";
			targets = (
				5BC519482832939100CCE6BD /* SquareEmployeeDirectory */,
				5BC5195E2832939300CCE6BD /* SquareEmployeeDirectoryTests */,
				5BC519682832939300CCE6BD /* SquareEmployeeDirectoryUITests */,
			);
		};
/* End PBXProject section */

/* Begin PBXResourcesBuildPhase section */
		5BC519472832939100CCE6BD /* Resources */ = {
			isa = PBXResourcesBuildPhase;
			buildActionMask = 2147483647;
			files = (
				5B9BE36D283462450043E36A /* README.md in Resources */,
				5BC519592832939300CCE6BD /* LaunchScreen.storyboard in Resources */,
				5BC519562832939300CCE6BD /* Assets.xcassets in Resources */,
				5B41278028352A710015E43B /* directory_InitialDiagram.pdf in Resources */,
			);
			runOnlyForDeploymentPostprocessing = 0;
		};
		5BC5195D2832939300CCE6BD /* Resources */ = {
			isa = PBXResourcesBuildPhase;
			buildActionMask = 2147483647;
			files = (
				5B9BE36628345CE10043E36A /* MockEmployeesList.json in Resources */,
			);
			runOnlyForDeploymentPostprocessing = 0;
		};
		5BC519672832939300CCE6BD /* Resources */ = {
			isa = PBXResourcesBuildPhase;
			buildActionMask = 2147483647;
			files = (
			);
			runOnlyForDeploymentPostprocessing = 0;
		};
/* End PBXResourcesBuildPhase section */

/* Begin PBXSourcesBuildPhase section */
		5BC519452832939100CCE6BD /* Sources */ = {
			isa = PBXSourcesBuildPhase;
			buildActionMask = 2147483647;
			files = (
				5BC5197F2832954A00CCE6BD /* NetworkService.swift in Sources */,
				5BC5198128329B3000CCE6BD /* EmployeesViewModel.swift in Sources */,
				5B9BE3582834215A0043E36A /* EmployeeCellModel.swift in Sources */,
				5B9BE36928345D7D0043E36A /* Requests.swift in Sources */,
				5BC5197D283293F500CCE6BD /* Employee.swift in Sources */,
				5B9BE35B283422510043E36A /* EmployeeTableViewCell.swift in Sources */,
				5BC519832832C31B00CCE6BD /* EmployeesViewController.swift in Sources */,
				5BC5194D2832939100CCE6BD /* AppDelegate.swift in Sources */,
				5B9BE361283457670043E36A /* ImageFetchError.swift in Sources */,
				5B9BE36B28345DA50043E36A /* NetworkError.swift in Sources */,
				5BC5194F2832939100CCE6BD /* SceneDelegate.swift in Sources */,
			);
			runOnlyForDeploymentPostprocessing = 0;
		};
		5BC5195B2832939300CCE6BD /* Sources */ = {
			isa = PBXSourcesBuildPhase;
			buildActionMask = 2147483647;
			files = (
				5B412782283530CA0015E43B /* MockNetworkService.swift in Sources */,
				5B9BE36328345BEA0043E36A /* EmployeesViewModelTests.swift in Sources */,
				5B412784283532290015E43B /* SquareEmployeeDirectoryTests.swift in Sources */,
			);
			runOnlyForDeploymentPostprocessing = 0;
		};
		5BC519652832939300CCE6BD /* Sources */ = {
			isa = PBXSourcesBuildPhase;
			buildActionMask = 2147483647;
			files = (
			);
			runOnlyForDeploymentPostprocessing = 0;
		};
/* End PBXSourcesBuildPhase section */

/* Begin PBXTargetDependency section */
		5BC519612832939300CCE6BD /* PBXTargetDependency */ = {
			isa = PBXTargetDependency;
			target = 5BC519482832939100CCE6BD /* SquareEmployeeDirectory */;
			targetProxy = 5BC519602832939300CCE6BD /* PBXContainerItemProxy */;
		};
		5BC5196B2832939300CCE6BD /* PBXTargetDependency */ = {
			isa = PBXTargetDependency;
			target = 5BC519482832939100CCE6BD /* SquareEmployeeDirectory */;
			targetProxy = 5BC5196A2832939300CCE6BD /* PBXContainerItemProxy */;
		};
/* End PBXTargetDependency section */

/* Begin PBXVariantGroup section */
		5BC519572832939300CCE6BD /* LaunchScreen.storyboard */ = {
			isa = PBXVariantGroup;
			children = (
				5BC519582832939300CCE6BD /* Base */,
			);
			name = LaunchScreen.storyboard;
			sourceTree = "<group>";
		};
/* End PBXVariantGroup section */

/* Begin XCBuildConfiguration section */
		5BC519712832939300CCE6BD /* Debug */ = {
			isa = XCBuildConfiguration;
			buildSettings = {
				ALWAYS_SEARCH_USER_PATHS = NO;
				CLANG_ANALYZER_NONNULL = YES;
				CLANG_ANALYZER_NUMBER_OBJECT_CONVERSION = YES_AGGRESSIVE;
				CLANG_CXX_LANGUAGE_STANDARD = "gnu++17";
				CLANG_CXX_LIBRARY = "libc++";
				CLANG_ENABLE_MODULES = YES;
				CLANG_ENABLE_OBJC_ARC = YES;
				CLANG_ENABLE_OBJC_WEAK = YES;
				CLANG_WARN_BLOCK_CAPTURE_AUTORELEASING = YES;
				CLANG_WARN_BOOL_CONVERSION = YES;
				CLANG_WARN_COMMA = YES;
				CLANG_WARN_CONSTANT_CONVERSION = YES;
				CLANG_WARN_DEPRECATED_OBJC_IMPLEMENTATIONS = YES;
				CLANG_WARN_DIRECT_OBJC_ISA_USAGE = YES_ERROR;
				CLANG_WARN_DOCUMENTATION_COMMENTS = YES;
				CLANG_WARN_EMPTY_BODY = YES;
				CLANG_WARN_ENUM_CONVERSION = YES;
				CLANG_WARN_INFINITE_RECURSION = YES;
				CLANG_WARN_INT_CONVERSION = YES;
				CLANG_WARN_NON_LITERAL_NULL_CONVERSION = YES;
				CLANG_WARN_OBJC_IMPLICIT_RETAIN_SELF = YES;
				CLANG_WARN_OBJC_LITERAL_CONVERSION = YES;
				CLANG_WARN_OBJC_ROOT_CLASS = YES_ERROR;
				CLANG_WARN_QUOTED_INCLUDE_IN_FRAMEWORK_HEADER = YES;
				CLANG_WARN_RANGE_LOOP_ANALYSIS = YES;
				CLANG_WARN_STRICT_PROTOTYPES = YES;
				CLANG_WARN_SUSPICIOUS_MOVE = YES;
				CLANG_WARN_UNGUARDED_AVAILABILITY = YES_AGGRESSIVE;
				CLANG_WARN_UNREACHABLE_CODE = YES;
				CLANG_WARN__DUPLICATE_METHOD_MATCH = YES;
				COPY_PHASE_STRIP = NO;
				DEBUG_INFORMATION_FORMAT = dwarf;
				ENABLE_STRICT_OBJC_MSGSEND = YES;
				ENABLE_TESTABILITY = YES;
				GCC_C_LANGUAGE_STANDARD = gnu11;
				GCC_DYNAMIC_NO_PIC = NO;
				GCC_NO_COMMON_BLOCKS = YES;
				GCC_OPTIMIZATION_LEVEL = 0;
				GCC_PREPROCESSOR_DEFINITIONS = (
					"DEBUG=1",
					"$(inherited)",
				);
				GCC_WARN_64_TO_32_BIT_CONVERSION = YES;
				GCC_WARN_ABOUT_RETURN_TYPE = YES_ERROR;
				GCC_WARN_UNDECLARED_SELECTOR = YES;
				GCC_WARN_UNINITIALIZED_AUTOS = YES_AGGRESSIVE;
				GCC_WARN_UNUSED_FUNCTION = YES;
				GCC_WARN_UNUSED_VARIABLE = YES;
				IPHONEOS_DEPLOYMENT_TARGET = 15.2;
				MTL_ENABLE_DEBUG_INFO = INCLUDE_SOURCE;
				MTL_FAST_MATH = YES;
				ONLY_ACTIVE_ARCH = YES;
				SDKROOT = iphoneos;
				SWIFT_ACTIVE_COMPILATION_CONDITIONS = DEBUG;
				SWIFT_OPTIMIZATION_LEVEL = "-Onone";
			};
			name = Debug;
		};
		5BC519722832939300CCE6BD /* Release */ = {
			isa = XCBuildConfiguration;
			buildSettings = {
				ALWAYS_SEARCH_USER_PATHS = NO;
				CLANG_ANALYZER_NONNULL = YES;
				CLANG_ANALYZER_NUMBER_OBJECT_CONVERSION = YES_AGGRESSIVE;
				CLANG_CXX_LANGUAGE_STANDARD = "gnu++17";
				CLANG_CXX_LIBRARY = "libc++";
				CLANG_ENABLE_MODULES = YES;
				CLANG_ENABLE_OBJC_ARC = YES;
				CLANG_ENABLE_OBJC_WEAK = YES;
				CLANG_WARN_BLOCK_CAPTURE_AUTORELEASING = YES;
				CLANG_WARN_BOOL_CONVERSION = YES;
				CLANG_WARN_COMMA = YES;
				CLANG_WARN_CONSTANT_CONVERSION = YES;
				CLANG_WARN_DEPRECATED_OBJC_IMPLEMENTATIONS = YES;
				CLANG_WARN_DIRECT_OBJC_ISA_USAGE = YES_ERROR;
				CLANG_WARN_DOCUMENTATION_COMMENTS = YES;
				CLANG_WARN_EMPTY_BODY = YES;
				CLANG_WARN_ENUM_CONVERSION = YES;
				CLANG_WARN_INFINITE_RECURSION = YES;
				CLANG_WARN_INT_CONVERSION = YES;
				CLANG_WARN_NON_LITERAL_NULL_CONVERSION = YES;
				CLANG_WARN_OBJC_IMPLICIT_RETAIN_SELF = YES;
				CLANG_WARN_OBJC_LITERAL_CONVERSION = YES;
				CLANG_WARN_OBJC_ROOT_CLASS = YES_ERROR;
				CLANG_WARN_QUOTED_INCLUDE_IN_FRAMEWORK_HEADER = YES;
				CLANG_WARN_RANGE_LOOP_ANALYSIS = YES;
				CLANG_WARN_STRICT_PROTOTYPES = YES;
				CLANG_WARN_SUSPICIOUS_MOVE = YES;
				CLANG_WARN_UNGUARDED_AVAILABILITY = YES_AGGRESSIVE;
				CLANG_WARN_UNREACHABLE_CODE = YES;
				CLANG_WARN__DUPLICATE_METHOD_MATCH = YES;
				COPY_PHASE_STRIP = NO;
				DEBUG_INFORMATION_FORMAT = "dwarf-with-dsym";
				ENABLE_NS_ASSERTIONS = NO;
				ENABLE_STRICT_OBJC_MSGSEND = YES;
				GCC_C_LANGUAGE_STANDARD = gnu11;
				GCC_NO_COMMON_BLOCKS = YES;
				GCC_WARN_64_TO_32_BIT_CONVERSION = YES;
				GCC_WARN_ABOUT_RETURN_TYPE = YES_ERROR;
				GCC_WARN_UNDECLARED_SELECTOR = YES;
				GCC_WARN_UNINITIALIZED_AUTOS = YES_AGGRESSIVE;
				GCC_WARN_UNUSED_FUNCTION = YES;
				GCC_WARN_UNUSED_VARIABLE = YES;
				IPHONEOS_DEPLOYMENT_TARGET = 15.2;
				MTL_ENABLE_DEBUG_INFO = NO;
				MTL_FAST_MATH = YES;
				SDKROOT = iphoneos;
				SWIFT_COMPILATION_MODE = wholemodule;
				SWIFT_OPTIMIZATION_LEVEL = "-O";
				VALIDATE_PRODUCT = YES;
			};
			name = Release;
		};
		5BC519742832939300CCE6BD /* Debug */ = {
			isa = XCBuildConfiguration;
			buildSettings = {
				ASSETCATALOG_COMPILER_APPICON_NAME = AppIcon;
				ASSETCATALOG_COMPILER_GLOBAL_ACCENT_COLOR_NAME = AccentColor;
				CODE_SIGN_STYLE = Automatic;
				CURRENT_PROJECT_VERSION = 1;
				DEVELOPMENT_TEAM = 56LXPY923R;
				GENERATE_INFOPLIST_FILE = YES;
				INFOPLIST_FILE = SquareEmployeeDirectory/Info.plist;
				INFOPLIST_KEY_UIApplicationSupportsIndirectInputEvents = YES;
				INFOPLIST_KEY_UILaunchStoryboardName = LaunchScreen;
				INFOPLIST_KEY_UISupportedInterfaceOrientations_iPad = "UIInterfaceOrientationPortrait UIInterfaceOrientationPortraitUpsideDown UIInterfaceOrientationLandscapeLeft UIInterfaceOrientationLandscapeRight";
				INFOPLIST_KEY_UISupportedInterfaceOrientations_iPhone = "UIInterfaceOrientationPortrait UIInterfaceOrientationLandscapeLeft UIInterfaceOrientationLandscapeRight";
				LD_RUNPATH_SEARCH_PATHS = (
					"$(inherited)",
					"@executable_path/Frameworks",
				);
				MARKETING_VERSION = 1.0;
				PRODUCT_BUNDLE_IDENTIFIER = com.rpcarson.SquareEmployeeDirectory;
				PRODUCT_NAME = "$(TARGET_NAME)";
				SWIFT_EMIT_LOC_STRINGS = YES;
				SWIFT_VERSION = 5.0;
				TARGETED_DEVICE_FAMILY = "1,2";
			};
			name = Debug;
		};
		5BC519752832939300CCE6BD /* Release */ = {
			isa = XCBuildConfiguration;
			buildSettings = {
				ASSETCATALOG_COMPILER_APPICON_NAME = AppIcon;
				ASSETCATALOG_COMPILER_GLOBAL_ACCENT_COLOR_NAME = AccentColor;
				CODE_SIGN_STYLE = Automatic;
				CURRENT_PROJECT_VERSION = 1;
				DEVELOPMENT_TEAM = 56LXPY923R;
				GENERATE_INFOPLIST_FILE = YES;
				INFOPLIST_FILE = SquareEmployeeDirectory/Info.plist;
				INFOPLIST_KEY_UIApplicationSupportsIndirectInputEvents = YES;
				INFOPLIST_KEY_UILaunchStoryboardName = LaunchScreen;
				INFOPLIST_KEY_UISupportedInterfaceOrientations_iPad = "UIInterfaceOrientationPortrait UIInterfaceOrientationPortraitUpsideDown UIInterfaceOrientationLandscapeLeft UIInterfaceOrientationLandscapeRight";
				INFOPLIST_KEY_UISupportedInterfaceOrientations_iPhone = "UIInterfaceOrientationPortrait UIInterfaceOrientationLandscapeLeft UIInterfaceOrientationLandscapeRight";
				LD_RUNPATH_SEARCH_PATHS = (
					"$(inherited)",
					"@executable_path/Frameworks",
				);
				MARKETING_VERSION = 1.0;
				PRODUCT_BUNDLE_IDENTIFIER = com.rpcarson.SquareEmployeeDirectory;
				PRODUCT_NAME = "$(TARGET_NAME)";
				SWIFT_EMIT_LOC_STRINGS = YES;
				SWIFT_VERSION = 5.0;
				TARGETED_DEVICE_FAMILY = "1,2";
			};
			name = Release;
		};
		5BC519772832939300CCE6BD /* Debug */ = {
			isa = XCBuildConfiguration;
			buildSettings = {
				ALWAYS_EMBED_SWIFT_STANDARD_LIBRARIES = YES;
				BUNDLE_LOADER = "$(TEST_HOST)";
				CODE_SIGN_STYLE = Automatic;
				CURRENT_PROJECT_VERSION = 1;
				DEVELOPMENT_TEAM = 56LXPY923R;
				GENERATE_INFOPLIST_FILE = YES;
				IPHONEOS_DEPLOYMENT_TARGET = 15.2;
				MARKETING_VERSION = 1.0;
				PRODUCT_BUNDLE_IDENTIFIER = com.rpcarson.SquareEmployeeDirectoryTests;
				PRODUCT_NAME = "$(TARGET_NAME)";
				SWIFT_EMIT_LOC_STRINGS = NO;
				SWIFT_VERSION = 5.0;
				TARGETED_DEVICE_FAMILY = "1,2";
				TEST_HOST = "$(BUILT_PRODUCTS_DIR)/SquareEmployeeDirectory.app/SquareEmployeeDirectory";
			};
			name = Debug;
		};
		5BC519782832939300CCE6BD /* Release */ = {
			isa = XCBuildConfiguration;
			buildSettings = {
				ALWAYS_EMBED_SWIFT_STANDARD_LIBRARIES = YES;
				BUNDLE_LOADER = "$(TEST_HOST)";
				CODE_SIGN_STYLE = Automatic;
				CURRENT_PROJECT_VERSION = 1;
				DEVELOPMENT_TEAM = 56LXPY923R;
				GENERATE_INFOPLIST_FILE = YES;
				IPHONEOS_DEPLOYMENT_TARGET = 15.2;
				MARKETING_VERSION = 1.0;
				PRODUCT_BUNDLE_IDENTIFIER = com.rpcarson.SquareEmployeeDirectoryTests;
				PRODUCT_NAME = "$(TARGET_NAME)";
				SWIFT_EMIT_LOC_STRINGS = NO;
				SWIFT_VERSION = 5.0;
				TARGETED_DEVICE_FAMILY = "1,2";
				TEST_HOST = "$(BUILT_PRODUCTS_DIR)/SquareEmployeeDirectory.app/SquareEmployeeDirectory";
			};
			name = Release;
		};
		5BC5197A2832939300CCE6BD /* Debug */ = {
			isa = XCBuildConfiguration;
			buildSettings = {
				ALWAYS_EMBED_SWIFT_STANDARD_LIBRARIES = YES;
				CODE_SIGN_STYLE = Automatic;
				CURRENT_PROJECT_VERSION = 1;
				DEVELOPMENT_TEAM = 56LXPY923R;
				GENERATE_INFOPLIST_FILE = YES;
				MARKETING_VERSION = 1.0;
				PRODUCT_BUNDLE_IDENTIFIER = com.rpcarson.SquareEmployeeDirectoryUITests;
				PRODUCT_NAME = "$(TARGET_NAME)";
				SWIFT_EMIT_LOC_STRINGS = NO;
				SWIFT_VERSION = 5.0;
				TARGETED_DEVICE_FAMILY = "1,2";
				TEST_TARGET_NAME = SquareEmployeeDirectory;
			};
			name = Debug;
		};
		5BC5197B2832939300CCE6BD /* Release */ = {
			isa = XCBuildConfiguration;
			buildSettings = {
				ALWAYS_EMBED_SWIFT_STANDARD_LIBRARIES = YES;
				CODE_SIGN_STYLE = Automatic;
				CURRENT_PROJECT_VERSION = 1;
				DEVELOPMENT_TEAM = 56LXPY923R;
				GENERATE_INFOPLIST_FILE = YES;
				MARKETING_VERSION = 1.0;
				PRODUCT_BUNDLE_IDENTIFIER = com.rpcarson.SquareEmployeeDirectoryUITests;
				PRODUCT_NAME = "$(TARGET_NAME)";
				SWIFT_EMIT_LOC_STRINGS = NO;
				SWIFT_VERSION = 5.0;
				TARGETED_DEVICE_FAMILY = "1,2";
				TEST_TARGET_NAME = SquareEmployeeDirectory;
			};
			name = Release;
		};
/* End XCBuildConfiguration section */

/* Begin XCConfigurationList section */
		5BC519442832939100CCE6BD /* Build configuration list for PBXProject "SquareEmployeeDirectory" */ = {
			isa = XCConfigurationList;
			buildConfigurations = (
				5BC519712832939300CCE6BD /* Debug */,
				5BC519722832939300CCE6BD /* Release */,
			);
			defaultConfigurationIsVisible = 0;
			defaultConfigurationName = Release;
		};
		5BC519732832939300CCE6BD /* Build configuration list for PBXNativeTarget "SquareEmployeeDirectory" */ = {
			isa = XCConfigurationList;
			buildConfigurations = (
				5BC519742832939300CCE6BD /* Debug */,
				5BC519752832939300CCE6BD /* Release */,
			);
			defaultConfigurationIsVisible = 0;
			defaultConfigurationName = Release;
		};
		5BC519762832939300CCE6BD /* Build configuration list for PBXNativeTarget "SquareEmployeeDirectoryTests" */ = {
			isa = XCConfigurationList;
			buildConfigurations = (
				5BC519772832939300CCE6BD /* Debug */,
				5BC519782832939300CCE6BD /* Release */,
			);
			defaultConfigurationIsVisible = 0;
			defaultConfigurationName = Release;
		};
		5BC519792832939300CCE6BD /* Build configuration list for PBXNativeTarget "SquareEmployeeDirectoryUITests" */ = {
			isa = XCConfigurationList;
			buildConfigurations = (
				5BC5197A2832939300CCE6BD /* Debug */,
				5BC5197B2832939300CCE6BD /* Release */,
			);
			defaultConfigurationIsVisible = 0;
			defaultConfigurationName = Release;
		};
/* End XCConfigurationList section */

/* Begin XCRemoteSwiftPackageReference section */
		5B9BE35D283445FD0043E36A /* XCRemoteSwiftPackageReference "Kingfisher" */ = {
			isa = XCRemoteSwiftPackageReference;
			repositoryURL = "https://github.com/onevcat/Kingfisher";
			requirement = {
				kind = upToNextMajorVersion;
				minimumVersion = 7.0.0;
			};
		};
		5BC519842832C52C00CCE6BD /* XCRemoteSwiftPackageReference "SnapKit" */ = {
			isa = XCRemoteSwiftPackageReference;
			repositoryURL = "https://github.com/SnapKit/SnapKit";
			requirement = {
				kind = upToNextMajorVersion;
				minimumVersion = 5.0.0;
			};
		};
/* End XCRemoteSwiftPackageReference section */

/* Begin XCSwiftPackageProductDependency section */
		5B9BE35E283445FD0043E36A /* Kingfisher */ = {
			isa = XCSwiftPackageProductDependency;
			package = 5B9BE35D283445FD0043E36A /* XCRemoteSwiftPackageReference "Kingfisher" */;
			productName = Kingfisher;
		};
		5BC519852832C52C00CCE6BD /* SnapKit */ = {
			isa = XCSwiftPackageProductDependency;
			package = 5BC519842832C52C00CCE6BD /* XCRemoteSwiftPackageReference "SnapKit" */;
			productName = SnapKit;
		};
/* End XCSwiftPackageProductDependency section */
	};
	rootObject = 5BC519412832939100CCE6BD /* Project object */;
}
